
Microsoft Visual Studio Solution File, Format Version 12.00
# Visual Studio Version 16
VisualStudioVersion = 16.0.31005.135
MinimumVisualStudioVersion = 10.0.40219.1
Project("{FAE04EC0-301F-11D3-BF4B-00C04F79EFBC}") = "vrWebSite", "vrWebSite\vrWebSite.csproj", "{81F74054-3BF5-45BF-B86B-24821C0E7AA6}"
EndProject
Global
	GlobalSection(SolutionConfigurationPlatforms) = preSolution
		Debug|Any CPU = Debug|Any CPU
		Release|Any CPU = Release|Any CPU
	EndGlobalSection
	GlobalSection(ProjectConfigurationPlatforms) = postSolution
		{81F74054-3BF5-45BF-B86B-24821C0E7AA6}.Debug|Any CPU.ActiveCfg = Debug|Any CPU
		{81F74054-3BF5-45BF-B86B-24821C0E7AA6}.Debug|Any CPU.Build.0 = Debug|Any CPU
		{81F74054-3BF5-45BF-B86B-24821C0E7AA6}.Release|Any CPU.ActiveCfg = Release|Any CPU
		{81F74054-3BF5-45BF-B86B-24821C0E7AA6}.Release|Any CPU.Build.0 = Release|Any CPU
	EndGlobalSection
	GlobalSection(SolutionProperties) = preSolution
		HideSolutionNode = FALSE
	EndGlobalSection
	GlobalSection(ExtensibilityGlobals) = postSolution
		SolutionGuid = {576710D2-B43C-469D-BE42-4CA207F63EDA}
	EndGlobalSection
EndGlobal
